
Microsoft Visual Studio Solution File, Format Version 12.00
# Visual Studio 15
VisualStudioVersion = 15.0.28010.2036
MinimumVisualStudioVersion = 10.0.40219.1
Project("{FAE04EC0-301F-11D3-BF4B-00C04F79EFBC}") = "Project", "Project\Project.csproj", "{CC4CD919-0417-4FE5-A3A5-88E5629C229E}"
EndProject
Global
	GlobalSection(SolutionConfigurationPlatforms) = preSolution
		Debug|Any CPU = Debug|Any CPU
		Release|Any CPU = Release|Any CPU
	EndGlobalSection
	GlobalSection(ProjectConfigurationPlatforms) = postSolution
		{CC4CD919-0417-4FE5-A3A5-88E5629C229E}.Debug|Any CPU.ActiveCfg = Debug|Any CPU
		{CC4CD919-0417-4FE5-A3A5-88E5629C229E}.Debug|Any CPU.Build.0 = Debug|Any CPU
		{CC4CD919-0417-4FE5-A3A5-88E5629C229E}.Release|Any CPU.ActiveCfg = Release|Any CPU
		{CC4CD919-0417-4FE5-A3A5-88E5629C229E}.Release|Any CPU.Build.0 = Release|Any CPU
	EndGlobalSection
	GlobalSection(SolutionProperties) = preSolution
		HideSolutionNode = FALSE
	EndGlobalSection
	GlobalSection(ExtensibilityGlobals) = postSolution
		SolutionGuid = {ADFAD26A-E189-460D-B79E-6E11AC4BAD9D}
	EndGlobalSection
EndGlobal
